
Microsoft Visual Studio Solution File, Format Version 12.00
Project("{FAE04EC0-301F-11D3-BF4B-00C04F79EFBC}") = "DigitalCharacterSheet", "DigitalCharacterSheet\DigitalCharacterSheet.csproj", "{FD0278A2-0CDE-413E-A2E4-4313757DCD3F}"
EndProject
Global
	GlobalSection(SolutionConfigurationPlatforms) = preSolution
		Debug|Any CPU = Debug|Any CPU
		Release|Any CPU = Release|Any CPU
	EndGlobalSection
	GlobalSection(ProjectConfigurationPlatforms) = postSolution
		{FD0278A2-0CDE-413E-A2E4-4313757DCD3F}.Debug|Any CPU.ActiveCfg = Debug|Any CPU
		{FD0278A2-0CDE-413E-A2E4-4313757DCD3F}.Debug|Any CPU.Build.0 = Debug|Any CPU
		{FD0278A2-0CDE-413E-A2E4-4313757DCD3F}.Release|Any CPU.ActiveCfg = Release|Any CPU
		{FD0278A2-0CDE-413E-A2E4-4313757DCD3F}.Release|Any CPU.Build.0 = Release|Any CPU
	EndGlobalSection
EndGlobal
