
Microsoft Visual Studio Solution File, Format Version 12.00
# Visual Studio Version 17
VisualStudioVersion = 17.9.34616.47
MinimumVisualStudioVersion = 10.0.40219.1
Project("{9A19103F-16F7-4668-BE54-9A1E7A4F7556}") = "DigitalCharacterSheet", "DigitalCharacterSheet\DigitalCharacterSheet.csproj", "{BFAA50BD-FB4F-4B2B-B253-74FCBC9D514F}"
EndProject
Project("{9A19103F-16F7-4668-BE54-9A1E7A4F7556}") = "DigitalCharacterSheet.Desktop", "DigitalCharacterSheet.Desktop\DigitalCharacterSheet.Desktop.csproj", "{F537BFBB-52AD-4F0D-8BB3-7F2DC454486E}"
EndProject
Global
	GlobalSection(SolutionConfigurationPlatforms) = preSolution
		Debug|Any CPU = Debug|Any CPU
		Release|Any CPU = Release|Any CPU
	EndGlobalSection
	GlobalSection(ProjectConfigurationPlatforms) = postSolution
		{BFAA50BD-FB4F-4B2B-B253-74FCBC9D514F}.Debug|Any CPU.ActiveCfg = Debug|Any CPU
		{BFAA50BD-FB4F-4B2B-B253-74FCBC9D514F}.Debug|Any CPU.Build.0 = Debug|Any CPU
		{BFAA50BD-FB4F-4B2B-B253-74FCBC9D514F}.Release|Any CPU.ActiveCfg = Release|Any CPU
		{BFAA50BD-FB4F-4B2B-B253-74FCBC9D514F}.Release|Any CPU.Build.0 = Release|Any CPU
		{F537BFBB-52AD-4F0D-8BB3-7F2DC454486E}.Debug|Any CPU.ActiveCfg = Debug|Any CPU
		{F537BFBB-52AD-4F0D-8BB3-7F2DC454486E}.Debug|Any CPU.Build.0 = Debug|Any CPU
		{F537BFBB-52AD-4F0D-8BB3-7F2DC454486E}.Release|Any CPU.ActiveCfg = Release|Any CPU
		{F537BFBB-52AD-4F0D-8BB3-7F2DC454486E}.Release|Any CPU.Build.0 = Release|Any CPU
	EndGlobalSection
	GlobalSection(SolutionProperties) = preSolution
		HideSolutionNode = FALSE
	EndGlobalSection
	GlobalSection(ExtensibilityGlobals) = postSolution
		SolutionGuid = {F6999D96-737F-408C-890D-D2B0A0487B4F}
	EndGlobalSection
EndGlobal
